// !$*UTF8*$!
{
	archiveVersion = 1;
	classes = {
	};
	objectVersion = 77;
	objects = {

/* Begin PBXContainerItemProxy section */
		9E63AFE02EE7A598008A4883 /* PBXContainerItemProxy */ = {
			isa = PBXContainerItemProxy;
			containerPortal = 9E63AFC72EE7A597008A4883 /* Project object */;
			proxyType = 1;
			remoteGlobalIDString = 9E63AFCE2EE7A597008A4883;
			remoteInfo = TeosDashboard;
		};
		9E63AFEA2EE7A599008A4883 /* PBXContainerItemProxy */ = {
			isa = PBXContainerItemProxy;
			containerPortal = 9E63AFC72EE7A597008A4883 /* Project object */;
			proxyType = 1;
			remoteGlobalIDString = 9E63AFCE2EE7A597008A4883;
			remoteInfo = TeosDashboard;
		};
/* End PBXContainerItemProxy section */

/* Begin PBXFileReference section */
		9E63AFCF2EE7A597008A4883 /* TeosDashboard.app */ = {isa = PBXFileReference; explicitFileType = wrapper.application; includeInIndex = 0; path = TeosDashboard.app; sourceTree = BUILT_PRODUCTS_DIR; };
		9E63AFDF2EE7A598008A4883 /* TeosDashboardTests.xctest */ = {isa = PBXFileReference; explicitFileType = wrapper.cfbundle; includeInIndex = 0; path = TeosDashboardTests.xctest; sourceTree = BUILT_PRODUCTS_DIR; };
		9E63AFE92EE7A599008A4883 /* TeosDashboardUITests.xctest */ = {isa = PBXFileReference; explicitFileType = wrapper.cfbundle; includeInIndex = 0; path = TeosDashboardUITests.xctest; sourceTree = BUILT_PRODUCTS_DIR; };
/* End PBXFileReference section */

/* Begin PBXFileSystemSynchronizedRootGroup section */
		9E63AFD12EE7A597008A4883 /* TeosDashboard */ = {
			isa = PBXFileSystemSynchronizedRootGroup;
			path = TeosDashboard;
			sourceTree = "<group>";
		};
		9E63AFE22EE7A598008A4883 /* TeosDashboardTests */ = {
			isa = PBXFileSystemSynchronizedRootGroup;
			path = TeosDashboardTests;
			sourceTree = "<group>";
		};
		9E63AFEC2EE7A599008A4883 /* TeosDashboardUITests */ = {
			isa = PBXFileSystemSynchronizedRootGroup;
			path = TeosDashboardUITests;
			sourceTree = "<group>";
		};
/* End PBXFileSystemSynchronizedRootGroup section */

/* Begin PBXFrameworksBuildPhase section */
		9E63AFCC2EE7A597008A4883 /* Frameworks */ = {
			isa = PBXFrameworksBuildPhase;
			buildActionMask = 2147483647;
			files = (
			);
			runOnlyForDeploymentPostprocessing = 0;
		};
		9E63AFDC2EE7A598008A4883 /* Frameworks */ = {
			isa = PBXFrameworksBuildPhase;
			buildActionMask = 2147483647;
			files = (
			);
			runOnlyForDeploymentPostprocessing = 0;
		};
		9E63AFE62EE7A599008A4883 /* Frameworks */ = {
			isa = PBXFrameworksBuildPhase;
			buildActionMask = 2147483647;
			files = (
			);
			runOnlyForDeploymentPostprocessing = 0;
		};
/* End PBXFrameworksBuildPhase section */

/* Begin PBXGroup section */
		9E63AFC62EE7A597008A4883 = {
			isa = PBXGroup;
			children = (
				9E63AFD12EE7A597008A4883 /* TeosDashboard */,
				9E63AFE22EE7A598008A4883 /* TeosDashboardTests */,
				9E63AFEC2EE7A599008A4883 /* TeosDashboardUITests */,
				9E63AFD02EE7A597008A4883 /* Products */,
			);
			sourceTree = "<group>";
		};
		9E63AFD02EE7A597008A4883 /* Products */ = {
			isa = PBXGroup;
			children = (
				9E63AFCF2EE7A597008A4883 /* TeosDashboard.app */,
				9E63AFDF2EE7A598008A4883 /* TeosDashboardTests.xctest */,
				9E63AFE92EE7A599008A4883 /* TeosDashboardUITests.xctest */,
			);
			name = Products;
			sourceTree = "<group>";
		};
/* End PBXGroup section */

/* Begin PBXNativeTarget section */
		9E63AFCE2EE7A597008A4883 /* TeosDashboard */ = {
			isa = PBXNativeTarget;
			buildConfigurationList = 9E63AFF32EE7A599008A4883 /* Build configuration list for PBXNativeTarget "TeosDashboard" */;
			buildPhases = (
				9E63AFCB2EE7A597008A4883 /* Sources */,
				9E63AFCC2EE7A597008A4883 /* Frameworks */,
				9E63AFCD2EE7A597008A4883 /* Resources */,
			);
			buildRules = (
			);
			dependencies = (
			);
			fileSystemSynchronizedGroups = (
				9E63AFD12EE7A597008A4883 /* TeosDashboard */,
			);
			name = TeosDashboard;
			packageProductDependencies = (
			);
			productName = TeosDashboard;
			productReference = 9E63AFCF2EE7A597008A4883 /* TeosDashboard.app */;
			productType = "com.apple.product-type.application";
		};
		9E63AFDE2EE7A598008A4883 /* TeosDashboardTests */ = {
			isa = PBXNativeTarget;
			buildConfigurationList = 9E63AFF62EE7A599008A4883 /* Build configuration list for PBXNativeTarget "TeosDashboardTests" */;
			buildPhases = (
				9E63AFDB2EE7A598008A4883 /* Sources */,
				9E63AFDC2EE7A598008A4883 /* Frameworks */,
				9E63AFDD2EE7A598008A4883 /* Resources */,
			);
			buildRules = (
			);
			dependencies = (
				9E63AFE12EE7A598008A4883 /* PBXTargetDependency */,
			);
			fileSystemSynchronizedGroups = (
				9E63AFE22EE7A598008A4883 /* TeosDashboardTests */,
			);
			name = TeosDashboardTests;
			packageProductDependencies = (
			);
			productName = TeosDashboardTests;
			productReference = 9E63AFDF2EE7A598008A4883 /* TeosDashboardTests.xctest */;
			productType = "com.apple.product-type.bundle.unit-test";
		};
		9E63AFE82EE7A599008A4883 /* TeosDashboardUITests */ = {
			isa = PBXNativeTarget;
			buildConfigurationList = 9E63AFF92EE7A599008A4883 /* Build configuration list for PBXNativeTarget "TeosDashboardUITests" */;
			buildPhases = (
				9E63AFE52EE7A599008A4883 /* Sources */,
				9E63AFE62EE7A599008A4883 /* Frameworks */,
				9E63AFE72EE7A599008A4883 /* Resources */,
			);
			buildRules = (
			);
			dependencies = (
				9E63AFEB2EE7A599008A4883 /* PBXTargetDependency */,
			);
			fileSystemSynchronizedGroups = (
				9E63AFEC2EE7A599008A4883 /* TeosDashboardUITests */,
			);
			name = TeosDashboardUITests;
			packageProductDependencies = (
			);
			productName = TeosDashboardUITests;
			productReference = 9E63AFE92EE7A599008A4883 /* TeosDashboardUITests.xctest */;
			productType = "com.apple.product-type.bundle.ui-testing";
		};
/* End PBXNativeTarget section */

/* Begin PBXProject section */
		9E63AFC72EE7A597008A4883 /* Project object */ = {
			isa = PBXProject;
			attributes = {
				BuildIndependentTargetsInParallel = 1;
				LastSwiftUpdateCheck = 1620;
				LastUpgradeCheck = 1620;
				TargetAttributes = {
					9E63AFCE2EE7A597008A4883 = {
						CreatedOnToolsVersion = 16.2;
					};
					9E63AFDE2EE7A598008A4883 = {
						CreatedOnToolsVersion = 16.2;
						TestTargetID = 9E63AFCE2EE7A597008A4883;
					};
					9E63AFE82EE7A599008A4883 = {
						CreatedOnToolsVersion = 16.2;
						TestTargetID = 9E63AFCE2EE7A597008A4883;
					};
				};
			};
			buildConfigurationList = 9E63AFCA2EE7A597008A4883 /* Build configuration list for PBXProject "TeosDashboard" */;
			developmentRegion = en;
			hasScannedForEncodings = 0;
			knownRegions = (
				en,
				Base,
			);
			mainGroup = 9E63AFC62EE7A597008A4883;
			minimizedProjectReferenceProxies = 1;
			preferredProjectObjectVersion = 77;
			productRefGroup = 9E63AFD02EE7A597008A4883 /* Products */;
			projectDirPath = "";
			projectRoot = "";
			targets = (
				9E63AFCE2EE7A597008A4883 /* TeosDashboard */,
				9E63AFDE2EE7A598008A4883 /* TeosDashboardTests */,
				9E63AFE82EE7A599008A4883 /* TeosDashboardUITests */,
			);
		};
/* End PBXProject section */

/* Begin PBXResourcesBuildPhase section */
		9E63AFCD2EE7A597008A4883 /* Resources */ = {
			isa = PBXResourcesBuildPhase;
			buildActionMask = 2147483647;
			files = (
			);
			runOnlyForDeploymentPostprocessing = 0;
		};
		9E63AFDD2EE7A598008A4883 /* Resources */ = {
			isa = PBXResourcesBuildPhase;
			buildActionMask = 2147483647;
			files = (
			);
			runOnlyForDeploymentPostprocessing = 0;
		};
		9E63AFE72EE7A599008A4883 /* Resources */ = {
			isa = PBXResourcesBuildPhase;
			buildActionMask = 2147483647;
			files = (
			);
			runOnlyForDeploymentPostprocessing = 0;
		};
/* End PBXResourcesBuildPhase section */

/* Begin PBXSourcesBuildPhase section */
		9E63AFCB2EE7A597008A4883 /* Sources */ = {
			isa = PBXSourcesBuildPhase;
			buildActionMask = 2147483647;
			files = (
			);
			runOnlyForDeploymentPostprocessing = 0;
		};
		9E63AFDB2EE7A598008A4883 /* Sources */ = {
			isa = PBXSourcesBuildPhase;
			buildActionMask = 2147483647;
			files = (
			);
			runOnlyForDeploymentPostprocessing = 0;
		};
		9E63AFE52EE7A599008A4883 /* Sources */ = {
			isa = PBXSourcesBuildPhase;
			buildActionMask = 2147483647;
			files = (
			);
			runOnlyForDeploymentPostprocessing = 0;
		};
/* End PBXSourcesBuildPhase section */

/* Begin PBXTargetDependency section */
		9E63AFE12EE7A598008A4883 /* PBXTargetDependency */ = {
			isa = PBXTargetDependency;
			target = 9E63AFCE2EE7A597008A4883 /* TeosDashboard */;
			targetProxy = 9E63AFE02EE7A598008A4883 /* PBXContainerItemProxy */;
		};
		9E63AFEB2EE7A599008A4883 /* PBXTargetDependency */ = {
			isa = PBXTargetDependency;
			target = 9E63AFCE2EE7A597008A4883 /* TeosDashboard */;
			targetProxy = 9E63AFEA2EE7A599008A4883 /* PBXContainerItemProxy */;
		};
/* End PBXTargetDependency section */

/* Begin XCBuildConfiguration section */
		9E63AFF12EE7A599008A4883 /* Debug */ = {
			isa = XCBuildConfiguration;
			buildSettings = {
				ALWAYS_SEARCH_USER_PATHS = NO;
				ASSETCATALOG_COMPILER_GENERATE_SWIFT_ASSET_SYMBOL_EXTENSIONS = YES;
				CLANG_ANALYZER_NONNULL = YES;
				CLANG_ANALYZER_NUMBER_OBJECT_CONVERSION = YES_AGGRESSIVE;
				CLANG_CXX_LANGUAGE_STANDARD = "gnu++20";
				CLANG_ENABLE_MODULES = YES;
				CLANG_ENABLE_OBJC_ARC = YES;
				CLANG_ENABLE_OBJC_WEAK = YES;
				CLANG_WARN_BLOCK_CAPTURE_AUTORELEASING = YES;
				CLANG_WARN_BOOL_CONVERSION = YES;
				CLANG_WARN_COMMA = YES;
				CLANG_WARN_CONSTANT_CONVERSION = YES;
				CLANG_WARN_DEPRECATED_OBJC_IMPLEMENTATIONS = YES;
				CLANG_WARN_DIRECT_OBJC_ISA_USAGE = YES_ERROR;
				CLANG_WARN_DOCUMENTATION_COMMENTS = YES;
				CLANG_WARN_EMPTY_BODY = YES;
				CLANG_WARN_ENUM_CONVERSION = YES;
				CLANG_WARN_INFINITE_RECURSION = YES;
				CLANG_WARN_INT_CONVERSION = YES;
				CLANG_WARN_NON_LITERAL_NULL_CONVERSION = YES;
				CLANG_WARN_OBJC_IMPLICIT_RETAIN_SELF = YES;
				CLANG_WARN_OBJC_LITERAL_CONVERSION = YES;
				CLANG_WARN_OBJC_ROOT_CLASS = YES_ERROR;
				CLANG_WARN_QUOTED_INCLUDE_IN_FRAMEWORK_HEADER = YES;
				CLANG_WARN_RANGE_LOOP_ANALYSIS = YES;
				CLANG_WARN_STRICT_PROTOTYPES = YES;
				CLANG_WARN_SUSPICIOUS_MOVE = YES;
				CLANG_WARN_UNGUARDED_AVAILABILITY = YES_AGGRESSIVE;
				CLANG_WARN_UNREACHABLE_CODE = YES;
				CLANG_WARN__DUPLICATE_METHOD_MATCH = YES;
				COPY_PHASE_STRIP = NO;
				DEBUG_INFORMATION_FORMAT = dwarf;
				ENABLE_STRICT_OBJC_MSGSEND = YES;
				ENABLE_TESTABILITY = YES;
				ENABLE_USER_SCRIPT_SANDBOXING = YES;
				GCC_C_LANGUAGE_STANDARD = gnu17;
				GCC_DYNAMIC_NO_PIC = NO;
				GCC_NO_COMMON_BLOCKS = YES;
				GCC_OPTIMIZATION_LEVEL = 0;
				GCC_PREPROCESSOR_DEFINITIONS = (
					"DEBUG=1",
					"$(inherited)",
				);
				GCC_WARN_64_TO_32_BIT_CONVERSION = YES;
				GCC_WARN_ABOUT_RETURN_TYPE = YES_ERROR;
				GCC_WARN_UNDECLARED_SELECTOR = YES;
				GCC_WARN_UNINITIALIZED_AUTOS = YES_AGGRESSIVE;
				GCC_WARN_UNUSED_FUNCTION = YES;
				GCC_WARN_UNUSED_VARIABLE = YES;
				IPHONEOS_DEPLOYMENT_TARGET = 18.2;
				LOCALIZATION_PREFERS_STRING_CATALOGS = YES;
				MTL_ENABLE_DEBUG_INFO = INCLUDE_SOURCE;
				MTL_FAST_MATH = YES;
				ONLY_ACTIVE_ARCH = YES;
				SDKROOT = iphoneos;
				SWIFT_ACTIVE_COMPILATION_CONDITIONS = "DEBUG $(inherited)";
				SWIFT_OPTIMIZATION_LEVEL = "-Onone";
			};
			name = Debug;
		};
		9E63AFF22EE7A599008A4883 /* Release */ = {
			isa = XCBuildConfiguration;
			buildSettings = {
				ALWAYS_SEARCH_USER_PATHS = NO;
				ASSETCATALOG_COMPILER_GENERATE_SWIFT_ASSET_SYMBOL_EXTENSIONS = YES;
				CLANG_ANALYZER_NONNULL = YES;
				CLANG_ANALYZER_NUMBER_OBJECT_CONVERSION = YES_AGGRESSIVE;
				CLANG_CXX_LANGUAGE_STANDARD = "gnu++20";
				CLANG_ENABLE_MODULES = YES;
				CLANG_ENABLE_OBJC_ARC = YES;
				CLANG_ENABLE_OBJC_WEAK = YES;
				CLANG_WARN_BLOCK_CAPTURE_AUTORELEASING = YES;
				CLANG_WARN_BOOL_CONVERSION = YES;
				CLANG_WARN_COMMA = YES;
				CLANG_WARN_CONSTANT_CONVERSION = YES;
				CLANG_WARN_DEPRECATED_OBJC_IMPLEMENTATIONS = YES;
				CLANG_WARN_DIRECT_OBJC_ISA_USAGE = YES_ERROR;
				CLANG_WARN_DOCUMENTATION_COMMENTS = YES;
				CLANG_WARN_EMPTY_BODY = YES;
				CLANG_WARN_ENUM_CONVERSION = YES;
				CLANG_WARN_INFINITE_RECURSION = YES;
				CLANG_WARN_INT_CONVERSION = YES;
				CLANG_WARN_NON_LITERAL_NULL_CONVERSION = YES;
				CLANG_WARN_OBJC_IMPLICIT_RETAIN_SELF = YES;
				CLANG_WARN_OBJC_LITERAL_CONVERSION = YES;
				CLANG_WARN_OBJC_ROOT_CLASS = YES_ERROR;
				CLANG_WARN_QUOTED_INCLUDE_IN_FRAMEWORK_HEADER = YES;
				CLANG_WARN_RANGE_LOOP_ANALYSIS = YES;
				CLANG_WARN_STRICT_PROTOTYPES = YES;
				CLANG_WARN_SUSPICIOUS_MOVE = YES;
				CLANG_WARN_UNGUARDED_AVAILABILITY = YES_AGGRESSIVE;
				CLANG_WARN_UNREACHABLE_CODE = YES;
				CLANG_WARN__DUPLICATE_METHOD_MATCH = YES;
				COPY_PHASE_STRIP = NO;
				DEBUG_INFORMATION_FORMAT = "dwarf-with-dsym";
				ENABLE_NS_ASSERTIONS = NO;
				ENABLE_STRICT_OBJC_MSGSEND = YES;
				ENABLE_USER_SCRIPT_SANDBOXING = YES;
				GCC_C_LANGUAGE_STANDARD = gnu17;
				GCC_NO_COMMON_BLOCKS = YES;
				GCC_WARN_64_TO_32_BIT_CONVERSION = YES;
				GCC_WARN_ABOUT_RETURN_TYPE = YES_ERROR;
				GCC_WARN_UNDECLARED_SELECTOR = YES;
				GCC_WARN_UNINITIALIZED_AUTOS = YES_AGGRESSIVE;
				GCC_WARN_UNUSED_FUNCTION = YES;
				GCC_WARN_UNUSED_VARIABLE = YES;
				IPHONEOS_DEPLOYMENT_TARGET = 18.2;
				LOCALIZATION_PREFERS_STRING_CATALOGS = YES;
				MTL_ENABLE_DEBUG_INFO = NO;
				MTL_FAST_MATH = YES;
				SDKROOT = iphoneos;
				SWIFT_COMPILATION_MODE = wholemodule;
				VALIDATE_PRODUCT = YES;
			};
			name = Release;
		};
		9E63AFF42EE7A599008A4883 /* Debug */ = {
			isa = XCBuildConfiguration;
			buildSettings = {
				ASSETCATALOG_COMPILER_APPICON_NAME = AppIcon;
				ASSETCATALOG_COMPILER_GLOBAL_ACCENT_COLOR_NAME = AccentColor;
				CODE_SIGN_STYLE = Automatic;
				CURRENT_PROJECT_VERSION = 1;
				DEVELOPMENT_ASSET_PATHS = "\"TeosDashboard/Preview Content\"";
				ENABLE_PREVIEWS = YES;
				GENERATE_INFOPLIST_FILE = YES;
				INFOPLIST_KEY_UIApplicationSceneManifest_Generation = YES;
				INFOPLIST_KEY_UIApplicationSupportsIndirectInputEvents = YES;
				INFOPLIST_KEY_UILaunchScreen_Generation = YES;
				INFOPLIST_KEY_UISupportedInterfaceOrientations_iPad = "UIInterfaceOrientationPortrait UIInterfaceOrientationPortraitUpsideDown UIInterfaceOrientationLandscapeLeft UIInterfaceOrientationLandscapeRight";
				INFOPLIST_KEY_UISupportedInterfaceOrientations_iPhone = "UIInterfaceOrientationPortrait UIInterfaceOrientationLandscapeLeft UIInterfaceOrientationLandscapeRight";
				LD_RUNPATH_SEARCH_PATHS = (
					"$(inherited)",
					"@executable_path/Frameworks",
				);
				MARKETING_VERSION = 1.0;
				PRODUCT_BUNDLE_IDENTIFIER = com.njm.TeosDashboard;
				PRODUCT_NAME = "$(TARGET_NAME)";
				SWIFT_EMIT_LOC_STRINGS = YES;
				SWIFT_VERSION = 5.0;
				TARGETED_DEVICE_FAMILY = "1,2";
			};
			name = Debug;
		};
		9E63AFF52EE7A599008A4883 /* Release */ = {
			isa = XCBuildConfiguration;
			buildSettings = {
				ASSETCATALOG_COMPILER_APPICON_NAME = AppIcon;
				ASSETCATALOG_COMPILER_GLOBAL_ACCENT_COLOR_NAME = AccentColor;
				CODE_SIGN_STYLE = Automatic;
				CURRENT_PROJECT_VERSION = 1;
				DEVELOPMENT_ASSET_PATHS = "\"TeosDashboard/Preview Content\"";
				ENABLE_PREVIEWS = YES;
				GENERATE_INFOPLIST_FILE = YES;
				INFOPLIST_KEY_UIApplicationSceneManifest_Generation = YES;
				INFOPLIST_KEY_UIApplicationSupportsIndirectInputEvents = YES;
				INFOPLIST_KEY_UILaunchScreen_Generation = YES;
				INFOPLIST_KEY_UISupportedInterfaceOrientations_iPad = "UIInterfaceOrientationPortrait UIInterfaceOrientationPortraitUpsideDown UIInterfaceOrientationLandscapeLeft UIInterfaceOrientationLandscapeRight";
				INFOPLIST_KEY_UISupportedInterfaceOrientations_iPhone = "UIInterfaceOrientationPortrait UIInterfaceOrientationLandscapeLeft UIInterfaceOrientationLandscapeRight";
				LD_RUNPATH_SEARCH_PATHS = (
					"$(inherited)",
					"@executable_path/Frameworks",
				);
				MARKETING_VERSION = 1.0;
				PRODUCT_BUNDLE_IDENTIFIER = com.njm.TeosDashboard;
				PRODUCT_NAME = "$(TARGET_NAME)";
				SWIFT_EMIT_LOC_STRINGS = YES;
				SWIFT_VERSION = 5.0;
				TARGETED_DEVICE_FAMILY = "1,2";
			};
			name = Release;
		};
		9E63AFF72EE7A599008A4883 /* Debug */ = {
			isa = XCBuildConfiguration;
			buildSettings = {
				BUNDLE_LOADER = "$(TEST_HOST)";
				CODE_SIGN_STYLE = Automatic;
				CURRENT_PROJECT_VERSION = 1;
				GENERATE_INFOPLIST_FILE = YES;
				IPHONEOS_DEPLOYMENT_TARGET = 18.2;
				MARKETING_VERSION = 1.0;
				PRODUCT_BUNDLE_IDENTIFIER = com.njm.TeosDashboardTests;
				PRODUCT_NAME = "$(TARGET_NAME)";
				SWIFT_EMIT_LOC_STRINGS = NO;
				SWIFT_VERSION = 5.0;
				TARGETED_DEVICE_FAMILY = "1,2";
				TEST_HOST = "$(BUILT_PRODUCTS_DIR)/TeosDashboard.app/$(BUNDLE_EXECUTABLE_FOLDER_PATH)/TeosDashboard";
			};
			name = Debug;
		};
		9E63AFF82EE7A599008A4883 /* Release */ = {
			isa = XCBuildConfiguration;
			buildSettings = {
				BUNDLE_LOADER = "$(TEST_HOST)";
				CODE_SIGN_STYLE = Automatic;
				CURRENT_PROJECT_VERSION = 1;
				GENERATE_INFOPLIST_FILE = YES;
				IPHONEOS_DEPLOYMENT_TARGET = 18.2;
				MARKETING_VERSION = 1.0;
				PRODUCT_BUNDLE_IDENTIFIER = com.njm.TeosDashboardTests;
				PRODUCT_NAME = "$(TARGET_NAME)";
				SWIFT_EMIT_LOC_STRINGS = NO;
				SWIFT_VERSION = 5.0;
				TARGETED_DEVICE_FAMILY = "1,2";
				TEST_HOST = "$(BUILT_PRODUCTS_DIR)/TeosDashboard.app/$(BUNDLE_EXECUTABLE_FOLDER_PATH)/TeosDashboard";
			};
			name = Release;
		};
		9E63AFFA2EE7A599008A4883 /* Debug */ = {
			isa = XCBuildConfiguration;
			buildSettings = {
				CODE_SIGN_STYLE = Automatic;
				CURRENT_PROJECT_VERSION = 1;
				GENERATE_INFOPLIST_FILE = YES;
				MARKETING_VERSION = 1.0;
				PRODUCT_BUNDLE_IDENTIFIER = com.njm.TeosDashboardUITests;
				PRODUCT_NAME = "$(TARGET_NAME)";
				SWIFT_EMIT_LOC_STRINGS = NO;
				SWIFT_VERSION = 5.0;
				TARGETED_DEVICE_FAMILY = "1,2";
				TEST_TARGET_NAME = TeosDashboard;
			};
			name = Debug;
		};
		9E63AFFB2EE7A599008A4883 /* Release */ = {
			isa = XCBuildConfiguration;
			buildSettings = {
				CODE_SIGN_STYLE = Automatic;
				CURRENT_PROJECT_VERSION = 1;
				GENERATE_INFOPLIST_FILE = YES;
				MARKETING_VERSION = 1.0;
				PRODUCT_BUNDLE_IDENTIFIER = com.njm.TeosDashboardUITests;
				PRODUCT_NAME = "$(TARGET_NAME)";
				SWIFT_EMIT_LOC_STRINGS = NO;
				SWIFT_VERSION = 5.0;
				TARGETED_DEVICE_FAMILY = "1,2";
				TEST_TARGET_NAME = TeosDashboard;
			};
			name = Release;
		};
/* End XCBuildConfiguration section */

/* Begin XCConfigurationList section */
		9E63AFCA2EE7A597008A4883 /* Build configuration list for PBXProject "TeosDashboard" */ = {
			isa = XCConfigurationList;
			buildConfigurations = (
				9E63AFF12EE7A599008A4883 /* Debug */,
				9E63AFF22EE7A599008A4883 /* Release */,
			);
			defaultConfigurationIsVisible = 0;
			defaultConfigurationName = Release;
		};
		9E63AFF32EE7A599008A4883 /* Build configuration list for PBXNativeTarget "TeosDashboard" */ = {
			isa = XCConfigurationList;
			buildConfigurations = (
				9E63AFF42EE7A599008A4883 /* Debug */,
				9E63AFF52EE7A599008A4883 /* Release */,
			);
			defaultConfigurationIsVisible = 0;
			defaultConfigurationName = Release;
		};
		9E63AFF62EE7A599008A4883 /* Build configuration list for PBXNativeTarget "TeosDashboardTests" */ = {
			isa = XCConfigurationList;
			buildConfigurations = (
				9E63AFF72EE7A599008A4883 /* Debug */,
				9E63AFF82EE7A599008A4883 /* Release */,
			);
			defaultConfigurationIsVisible = 0;
			defaultConfigurationName = Release;
		};
		9E63AFF92EE7A599008A4883 /* Build configuration list for PBXNativeTarget "TeosDashboardUITests" */ = {
			isa = XCConfigurationList;
			buildConfigurations = (
				9E63AFFA2EE7A599008A4883 /* Debug */,
				9E63AFFB2EE7A599008A4883 /* Release */,
			);
			defaultConfigurationIsVisible = 0;
			defaultConfigurationName = Release;
		};
/* End XCConfigurationList section */
	};
	rootObject = 9E63AFC72EE7A597008A4883 /* Project object */;
}
